
Microsoft Visual Studio Solution File, Format Version 12.00
# Visual Studio Version 17
VisualStudioVersion = 17.1.32414.318
MinimumVisualStudioVersion = 10.0.40219.1
Project("{FAE04EC0-301F-11D3-BF4B-00C04F79EFBC}") = "APIDesignLab", "APIDesignLab\APIDesignLab.csproj", "{D3AD8531-0AF2-4A4A-9896-E372C1C58C80}"
EndProject
Global
	GlobalSection(SolutionConfigurationPlatforms) = preSolution
		Debug|Any CPU = Debug|Any CPU
		Release|Any CPU = Release|Any CPU
	EndGlobalSection
	GlobalSection(ProjectConfigurationPlatforms) = postSolution
		{D3AD8531-0AF2-4A4A-9896-E372C1C58C80}.Debug|Any CPU.ActiveCfg = Debug|Any CPU
		{D3AD8531-0AF2-4A4A-9896-E372C1C58C80}.Debug|Any CPU.Build.0 = Debug|Any CPU
		{D3AD8531-0AF2-4A4A-9896-E372C1C58C80}.Release|Any CPU.ActiveCfg = Release|Any CPU
		{D3AD8531-0AF2-4A4A-9896-E372C1C58C80}.Release|Any CPU.Build.0 = Release|Any CPU
	EndGlobalSection
	GlobalSection(SolutionProperties) = preSolution
		HideSolutionNode = FALSE
	EndGlobalSection
	GlobalSection(ExtensibilityGlobals) = postSolution
		SolutionGuid = {AE121A91-CB02-4A33-B71C-B45D85A93D28}
	EndGlobalSection
EndGlobal
